dependencies:
  esp-idf-lib/esp_idf_lib_helpers:
    component_hash: 689853bb8993434f9556af0f2816e808bf77b5d22100144b21f3519993daf237
    dependencies: []
    source:
      registry_url: https://components.espressif.com
      type: service
    targets:
    - esp32
    - esp32c2
    - esp32c3
    - esp32c5
    - esp32c6
    - esp32c61
    - esp32h2
    - esp32p4
    - esp32s2
    - esp32s3
    version: 1.4.0
  esp-idf-lib/hx711:
    component_hash: a746fa21c76a94e9796e85c9b5ac7054eff64587ab8e87c94615b4e80ccc2992
    dependencies:
    - name: esp-idf-lib/esp_idf_lib_helpers
      registry_url: https://components.espressif.com
      require: private
      version: '*'
    source:
      registry_url: https://components.espressif.com/
      type: service
    targets:
    - esp32
    - esp32c2
    - esp32c3
    - esp32c5
    - esp32c6
    - esp32c61
    - esp32h2
    - esp32p4
    - esp32s2
    - esp32s3
    version: 1.1.0
  esp-idf-lib/ultrasonic:
    component_hash: da9c0899db56f6a994090e6d8257dc11a2daae241cf9368da7d06b95b7d0ee72
    dependencies:
    - name: esp-idf-lib/esp_idf_lib_helpers
      registry_url: https://components.espressif.com
      require: private
      version: '*'
    source:
      registry_url: https://components.espressif.com/
      type: service
    targets:
    - esp32
    - esp32c2
    - esp32c3
    - esp32c5
    - esp32c6
    - esp32c61
    - esp32h2
    - esp32p4
    - esp32s2
    - esp32s3
    version: 1.1.0
  idf:
    source:
      type: idf
    version: 6.0.0
direct_dependencies:
- esp-idf-lib/hx711
- esp-idf-lib/ultrasonic
- idf
manifest_hash: 786821eb05e4846344b4bbc44998a01df3e9fc55c2fc3fe8362dc45be6bf0b65
target: esp32
version: 3.0.0
